
Microsoft Visual Studio Solution File, Format Version 12.00
# Visual Studio Version 17
VisualStudioVersion = 17.3.32929.385
MinimumVisualStudioVersion = 10.0.40219.1
Project("{FAE04EC0-301F-11D3-BF4B-00C04F79EFBC}") = "zoNES.GUI", "zoNES.GUI\zoNES.GUI.csproj", "{D4B6FFA5-D521-4EA2-9959-B6D08122772A}"
EndProject
Project("{FAE04EC0-301F-11D3-BF4B-00C04F79EFBC}") = "zoNES.core", "..\zoNES.core\zoNES.core.csproj", "{8EC78BA2-6A36-4DEA-B011-173993C82958}"
EndProject
Global
	GlobalSection(SolutionConfigurationPlatforms) = preSolution
		Debug|Any CPU = Debug|Any CPU
		Release|Any CPU = Release|Any CPU
	EndGlobalSection
	GlobalSection(ProjectConfigurationPlatforms) = postSolution
		{D4B6FFA5-D521-4EA2-9959-B6D08122772A}.Debug|Any CPU.ActiveCfg = Debug|Any CPU
		{D4B6FFA5-D521-4EA2-9959-B6D08122772A}.Debug|Any CPU.Build.0 = Debug|Any CPU
		{D4B6FFA5-D521-4EA2-9959-B6D08122772A}.Release|Any CPU.ActiveCfg = Release|Any CPU
		{D4B6FFA5-D521-4EA2-9959-B6D08122772A}.Release|Any CPU.Build.0 = Release|Any CPU
		{8EC78BA2-6A36-4DEA-B011-173993C82958}.Debug|Any CPU.ActiveCfg = Debug|Any CPU
		{8EC78BA2-6A36-4DEA-B011-173993C82958}.Debug|Any CPU.Build.0 = Debug|Any CPU
		{8EC78BA2-6A36-4DEA-B011-173993C82958}.Release|Any CPU.ActiveCfg = Release|Any CPU
		{8EC78BA2-6A36-4DEA-B011-173993C82958}.Release|Any CPU.Build.0 = Release|Any CPU
	EndGlobalSection
	GlobalSection(SolutionProperties) = preSolution
		HideSolutionNode = FALSE
	EndGlobalSection
	GlobalSection(ExtensibilityGlobals) = postSolution
		SolutionGuid = {82118EC6-E11D-443A-B2D2-C5F0EEB57AC4}
	EndGlobalSection
EndGlobal
